
Microsoft Visual Studio Solution File, Format Version 12.00
# Visual Studio Version 16
VisualStudioVersion = 16.0.32510.428
MinimumVisualStudioVersion = 10.0.40219.1
Project("{FAE04EC0-301F-11D3-BF4B-00C04F79EFBC}") = "MVC _Coustmer", "MVC _Coustmer\MVC _Coustmer.csproj", "{800FE2C1-73B4-4636-A34F-F13A37C91C2D}"
EndProject
Global
	GlobalSection(SolutionConfigurationPlatforms) = preSolution
		Debug|Any CPU = Debug|Any CPU
		Release|Any CPU = Release|Any CPU
	EndGlobalSection
	GlobalSection(ProjectConfigurationPlatforms) = postSolution
		{800FE2C1-73B4-4636-A34F-F13A37C91C2D}.Debug|Any CPU.ActiveCfg = Debug|Any CPU
		{800FE2C1-73B4-4636-A34F-F13A37C91C2D}.Debug|Any CPU.Build.0 = Debug|Any CPU
		{800FE2C1-73B4-4636-A34F-F13A37C91C2D}.Release|Any CPU.ActiveCfg = Release|Any CPU
		{800FE2C1-73B4-4636-A34F-F13A37C91C2D}.Release|Any CPU.Build.0 = Release|Any CPU
	EndGlobalSection
	GlobalSection(SolutionProperties) = preSolution
		HideSolutionNode = FALSE
	EndGlobalSection
	GlobalSection(ExtensibilityGlobals) = postSolution
		SolutionGuid = {7F5E82FF-091B-427C-80EE-FE08424EAFDC}
	EndGlobalSection
EndGlobal
